# This file is autogenerated, do not edit; changes may be undone by the next 'dep ensure'.


[[projects]]
  branch = "go1"
  digest = "1:1651bce2d880824f4776b2cddebfe68f4d6d3b2d722e98f7272e7c2a8ef9761c"
  name = "github.com/alphazero/Go-Redis"
  packages = ["."]
  pruneopts = "UT"
  revision = "a0637b1543645181061469efea75f57ad2e3f23a"

[[projects]]
  digest = "1:80057945464ffb5b0da1f026beb8df0e8dbd098eaf771a349291bed2cd29a83e"
  name = "github.com/fsnotify/fsnotify"
  packages = ["."]
  pruneopts = "UT"
  revision = "45d7d09e39ef4ac08d493309fa031790c15bfe8a"
  version = "v1.4.9"

[[projects]]
  digest = "1:a3af33fd30536d9c5a7b6ad542390919e57c1125097a194c7b3d9904109a0611"
  name = "github.com/go-sql-driver/mysql"
  packages = ["."]
  pruneopts = "UT"
  revision = "17ef3dd9d98b69acec3e85878995ada9533a9370"
  version = "v1.5.0"

[[projects]]
  digest = "1:d2c84374e37085b97762b77f695101a96aea829293a6ab43915df0248a21fe9c"
  name = "github.com/golang/snappy"
  packages = ["."]
  pruneopts = "UT"
  revision = "196ae77b8a26000fa30caa8b2b541e09674dbc43"
  version = "v0.0.2"

[[projects]]
  digest = "1:c0d19ab64b32ce9fe5cf4ddceba78d5bc9807f0016db6b1183599da3dcc24d10"
  name = "github.com/hashicorp/hcl"
  packages = [
    ".",
    "hcl/ast",
    "hcl/parser",
    "hcl/printer",
    "hcl/scanner",
    "hcl/strconv",
    "hcl/token",
    "json/parser",
    "json/scanner",
    "json/token",
  ]
  pruneopts = "UT"
  revision = "8cb6e5b959231cc1119e43259c4a608f9c51a241"
  version = "v1.0.0"

[[projects]]
  branch = "master"
  digest = "1:243b10c0f49b9be3abf2a5317a8ef7f5e4c6a6cc52df9df148d1ca8ab3212ec5"
  name = "github.com/joaosoft/auth-types"
  packages = [
    "basic",
    "jwt",
  ]
  pruneopts = "UT"
  revision = "1650f9472c4a2bd81a44af308a2ac005444fe2b5"

[[projects]]
  branch = "master"
  digest = "1:0092e94dba11e26f6124f9b3251795d29692fc033ab0cfbf81633fd1ff4d707e"
  name = "github.com/joaosoft/color"
  packages = ["."]
  pruneopts = "UT"
  revision = "17caec6046388cea5751f441ef6b06a7a572abf2"

[[projects]]
  branch = "master"
  digest = "1:05b08a7b3bb33ee442037dbd0d41b8f6db76bf713df5d0af08f1bc78401c0874"
  name = "github.com/joaosoft/dbr"
  packages = ["."]
  pruneopts = "UT"
  revision = "26a53f1654b957a71e47d807826a222ec2093d5b"

[[projects]]
  branch = "master"
  digest = "1:ffd63bd79528f0c01fd948cdc187c9066703f9e5ef16455b1086a7f2e2255129"
  name = "github.com/joaosoft/dropbox"
  packages = ["."]
  pruneopts = "UT"
  revision = "4878f904be34cab66301a181466cc08040ac6508"

[[projects]]
  branch = "master"
  digest = "1:16448cc34c274f3c9644f235517f28562263e7029e58c2e388652fac2e109164"
  name = "github.com/joaosoft/errors"
  packages = ["."]
  pruneopts = "UT"
  revision = "5be0a9d62458e8b47c998d0b36192a629f55786f"

[[projects]]
  branch = "master"
  digest = "1:3909fc0a8d4735a94e65339f68b35aae8b4bdb32898c25162b5974982dd439ff"
  name = "github.com/joaosoft/json"
  packages = ["."]
  pruneopts = "UT"
  revision = "701cae3460d106471ec75ae985b3604fc061a26b"

[[projects]]
  branch = "master"
  digest = "1:104098288eba572897274628b3b2b69ed7cd617cfff0df6af4a7fffb4d2bca81"
  name = "github.com/joaosoft/logger"
  packages = ["."]
  pruneopts = "UT"
  revision = "dcb22bea7505b8cf7436555b3eef9ba9ad621c7d"

[[projects]]
  branch = "master"
  digest = "1:a29c7bf5e434847aa96edb07e3ce365cef6222e4dda8f5b2eb2ccfa92f42dbce"
  name = "github.com/joaosoft/manager"
  packages = ["."]
  pruneopts = "UT"
  revision = "709f63221c5d651451225d072163238c9fa656c7"

[[projects]]
  branch = "master"
  digest = "1:240af061c3550a103da6442881e11f9ca2432ea2f74c7d21cb47bb70e8d976af"
  name = "github.com/joaosoft/migration"
  packages = ["services"]
  pruneopts = "UT"
  revision = "0347456f267df3e4bf513a1c16e1985f83772978"

[[projects]]
  branch = "master"
  digest = "1:3783eeb1caabf7a61b0ef82d2d9162e9a5ef6182172e674994722914eb39ec3b"
  name = "github.com/joaosoft/pictures"
  packages = ["."]
  pruneopts = "UT"
  revision = "ec830a95c6c9bf7609a3129e77793822f4046d44"

[[projects]]
  branch = "master"
  digest = "1:30c2859ac522199f4ab1d14d7f881d00b5144650e39b411452a0685b109153c1"
  name = "github.com/joaosoft/validator"
  packages = ["."]
  pruneopts = "UT"
  revision = "a0401afc40205ef863bbed8dfe98b6af04580ab9"

[[projects]]
  branch = "master"
  digest = "1:445f8cd17deeb419df2528d8c26b8f1c0e2bfdf99eb2924e743aac2e00ee787e"
  name = "github.com/joaosoft/web"
  packages = ["."]
  pruneopts = "UT"
  revision = "329cd986616e04760d4b9b32cde1da4752c615bc"

[[projects]]
  branch = "master"
  digest = "1:a371f7738e04bd2ab010ac4a23550eef6f41b90ecbc008ef896058496c1c5fba"
  name = "github.com/joaosoft/writers"
  packages = ["."]
  pruneopts = "UT"
  revision = "310c8522699ddd9cbcaac2d0eca833c2afc1c037"

[[projects]]
  digest = "1:bf618941b014c2a86e4a6f39d4a26541c06fc63387fc50d4694d67eac2151f4a"
  name = "github.com/labstack/echo"
  packages = ["."]
  pruneopts = "UT"
  revision = "38772c686c76b501f94bd6cd5b77f5842e93b559"
  version = "v3.3.10"

[[projects]]
  digest = "1:9bc108827ac1d8783dea294f1ef07732fa4ca7d6e20518c04888a85828eba4ce"
  name = "github.com/labstack/gommon"
  packages = [
    "color",
    "log",
  ]
  pruneopts = "UT"
  revision = "4919956f6fb227b548f004da27c7c6b20fba499f"
  version = "v0.3.0"

[[projects]]
  digest = "1:d27eedd7296593e6ea74aed67aa0d04d97305c860209b0d4996a8aa2eac7fd0b"
  name = "github.com/lib/pq"
  packages = [
    ".",
    "oid",
    "scram",
  ]
  pruneopts = "UT"
  revision = "e7751f584844fbf92a5a18b13a0af1c855e34460"
  version = "v1.8.0"

[[projects]]
  digest = "1:85a45ff41e6b733d430b653236191d131b707a05e9751f53b469f2c0bb222f01"
  name = "github.com/magiconair/properties"
  packages = ["."]
  pruneopts = "UT"
  revision = "0e5c09062c2daef666bd279e2d2d9f25f218f2be"
  version = "v1.8.4"

[[projects]]
  digest = "1:304d25ecc3f4ca39f894c959254d3f5fc6176276ccf1f874ded0cd441e2f964f"
  name = "github.com/mattn/go-colorable"
  packages = ["."]
  pruneopts = "UT"
  revision = "2e1b0c1546e0173c0907cf05c67b8ba29ed8b4d1"
  version = "v0.1.8"

[[projects]]
  digest = "1:0c58d31abe2a2ccb429c559b6292e7df89dcda675456fecc282fa90aa08273eb"
  name = "github.com/mattn/go-isatty"
  packages = ["."]
  pruneopts = "UT"
  revision = "7b513a986450394f7bbf1476909911b3aa3a55ce"
  version = "v0.0.12"

[[projects]]
  digest = "1:aff0e9185b5df855488a42e064cb479e994636d3cefa47d053495123d086add4"
  name = "github.com/mitchellh/mapstructure"
  packages = ["."]
  pruneopts = "UT"
  revision = "9e1e4717f8567d7ead72d070d064ad17d444a67e"
  version = "v1.3.3"

[[projects]]
  digest = "1:a20520c30001f1d49ca07e26eafe5d8612ce5d7dac5abbdab754e14bb83c1b4e"
  name = "github.com/nsqio/go-nsq"
  packages = ["."]
  pruneopts = "UT"
  revision = "d7acddb4babdf3329ad415cc02b605a239011b4b"
  version = "v1.0.8"

[[projects]]
  digest = "1:4f5513cb656b73fb4c4f77ccd482c8366d6290278564d2b1d3285f45e45f4a1e"
  name = "github.com/oklog/ulid"
  packages = ["."]
  pruneopts = "UT"
  revision = "02a8604050d8466dd915307496174adb9be4593a"
  version = "v1.3.1"

[[projects]]
  digest = "1:ba7c8395a3bdd3b44d40ba36ff6eb283b583a3db865c02a952b89a1aa639081b"
  name = "github.com/pelletier/go-toml"
  packages = ["."]
  pruneopts = "UT"
  revision = "65ca8064882c8c308e5c804c5d5443d409e0738c"
  version = "v1.8.1"

[[projects]]
  branch = "master"
  digest = "1:a3b8912deeef29007fab9a13a9f21b9e9b59c621a2ed61e2fe7b37320a71fbd5"
  name = "github.com/satori/go.uuid"
  packages = ["."]
  pruneopts = "UT"
  revision = "b2ce2384e17bbe0c6d34077efa39dbab3e09123b"

[[projects]]
  digest = "1:5bc51628f10ee2e983badf7e302531fd87db15badfb675389450b8765cb3149f"
  name = "github.com/spf13/afero"
  packages = [
    ".",
    "mem",
  ]
  pruneopts = "UT"
  revision = "efa411e911857ed4705ed931b474891a88f71a73"
  version = "v1.4.1"

[[projects]]
  digest = "1:ff4cd55a3666b6ea3a876c9e133bfb54d6c812e725409a773f2c94a0b3a92f4f"
  name = "github.com/spf13/cast"
  packages = ["."]
  pruneopts = "UT"
  revision = "1ffadf551085444af981432dd0f6d1160c11ec64"
  version = "v1.3.1"

[[projects]]
  digest = "1:1b753ec16506f5864d26a28b43703c58831255059644351bbcb019b843950900"
  name = "github.com/spf13/jwalterweatherman"
  packages = ["."]
  pruneopts = "UT"
  revision = "94f6ae3ed3bceceafa716478c5fbf8d29ca601a1"
  version = "v1.1.0"

[[projects]]
  digest = "1:524b71991fc7d9246cc7dc2d9e0886ccb97648091c63e30eef619e6862c955dd"
  name = "github.com/spf13/pflag"
  packages = ["."]
  pruneopts = "UT"
  revision = "2e9d26c8c37aae03e3f9d4e90b7116f5accb7cab"
  version = "v1.0.5"

[[projects]]
  digest = "1:b3027d4cb73b6576e8818c1012389dbcd8385e34bb8e4ee024891214c4338725"
  name = "github.com/spf13/viper"
  packages = ["."]
  pruneopts = "UT"
  revision = "3826be313591f83193f048520482a7b3cf17d506"
  version = "v1.7.1"

[[projects]]
  branch = "master"
  digest = "1:368dfded41048fc69ded3656c63480a98b95b5e9994798ac7a1b62f130048bda"
  name = "github.com/streadway/amqp"
  packages = ["."]
  pruneopts = "UT"
  revision = "e6b33f460591b0acb2f13b04ef9cf493720ffe17"

[[projects]]
  digest = "1:f4b32291cad5efac2bfdba89ccde6aa04618b62ce06c1a571da2dc4f3f2677fb"
  name = "github.com/subosito/gotenv"
  packages = ["."]
  pruneopts = "UT"
  revision = "2ef7124db659d49edac6aa459693a15ae36c671a"
  version = "v1.2.0"

[[projects]]
  digest = "1:c468422f334a6b46a19448ad59aaffdfc0a36b08fdcc1c749a0b29b6453d7e59"
  name = "github.com/valyala/bytebufferpool"
  packages = ["."]
  pruneopts = "UT"
  revision = "e746df99fe4a3986f4d4f79e13c1e0117ce9c2f7"
  version = "v1.0.0"

[[projects]]
  digest = "1:d724474523928294ece8cc97e8d2371f27c7e6d3068bfa9ace93bd3105b4fdbd"
  name = "github.com/valyala/fasttemplate"
  packages = ["."]
  pruneopts = "UT"
  revision = "2275c48ed3e40f01fa347e220be31070a89b6ad4"
  version = "v1.2.1"

[[projects]]
  branch = "master"
  digest = "1:9a9cf26f20c88b890e03544ed6fc8b04f59f6d618e32a4de2b4b23f61d344580"
  name = "golang.org/x/crypto"
  packages = [
    "acme",
    "acme/autocert",
  ]
  pruneopts = "UT"
  revision = "9e8e0b390897c84cad53ebe9ed2d1d331a5394d9"

[[projects]]
  branch = "master"
  digest = "1:4f96e29a23d66b98467ca51a1c315554479205302a1a7892a9ff4942bad321ac"
  name = "golang.org/x/image"
  packages = ["bmp"]
  pruneopts = "UT"
  revision = "e162460cd6b5176292c0a160614547bab9a90788"

[[projects]]
  branch = "master"
  digest = "1:d1f7edf951b9cc444358a31de2f4e4c1c5c539ea9c6aca13f5bf92eb1124fc4b"
  name = "golang.org/x/net"
  packages = ["idna"]
  pruneopts = "UT"
  revision = "d65d470038a546ed9bb38f15e9ad24b9a1d07f4f"

[[projects]]
  branch = "master"
  digest = "1:cbb93d38f139851e41777eb142f9a342b50ad1d5c4e85497b667ecfd562b3d88"
  name = "golang.org/x/sys"
  packages = [
    "internal/unsafeheader",
    "unix",
  ]
  pruneopts = "UT"
  revision = "eeed37f84f13f52d35e095e8023ba65671ff86a1"

[[projects]]
  digest = "1:fa940333c48808b0d86ef21f412ffcfd0e5084a82f13905c028a404803b1908f"
  name = "golang.org/x/text"
  packages = [
    "collate",
    "collate/build",
    "internal/colltab",
    "internal/gen",
    "internal/language",
    "internal/language/compact",
    "internal/tag",
    "internal/triegen",
    "internal/ucd",
    "language",
    "secure/bidirule",
    "transform",
    "unicode/bidi",
    "unicode/cldr",
    "unicode/norm",
    "unicode/rangetable",
  ]
  pruneopts = "UT"
  revision = "23ae387dee1f90d29a23c0e87ee0b46038fbed0e"
  version = "v0.3.3"

[[projects]]
  digest = "1:f7059e57af5fc848220ebfbfb61e4d333179a6a07e70bc01f7ae5bc873586537"
  name = "gopkg.in/ini.v1"
  packages = ["."]
  pruneopts = "UT"
  revision = "5e97220809ffaa826f787728501264e9114cb834"
  version = "v1.62.0"

[[projects]]
  digest = "1:d7f1bd887dc650737a421b872ca883059580e9f8314d601f88025df4f4802dce"
  name = "gopkg.in/yaml.v2"
  packages = ["."]
  pruneopts = "UT"
  revision = "0b1645d91e851e735d3e23330303ce81f70adbe3"
  version = "v2.3.0"

[solve-meta]
  analyzer-name = "dep"
  analyzer-version = 1
  input-imports = [
    "github.com/joaosoft/dbr",
    "github.com/joaosoft/dropbox",
    "github.com/joaosoft/errors",
    "github.com/joaosoft/logger",
    "github.com/joaosoft/manager",
    "github.com/joaosoft/migration/services",
    "github.com/joaosoft/pictures",
    "github.com/joaosoft/validator",
    "github.com/joaosoft/web",
    "github.com/oklog/ulid",
  ]
  solver-name = "gps-cdcl"
  solver-version = 1
